{
  "originHash" : "e39378662b6d2dab4704351e17791b986117127911f1f7c64506da686b9360d3",
  "pins" : [
    {
      "identity" : "matrix-rust-components-swift",
      "kind" : "remoteSourceControl",
      "location" : "https://github.com/matrix-org/matrix-rust-components-swift",
      "state" : {
        "revision" : "02133b466cddbd5c911881acbb29cf14e5563344",
        "version" : "26.5.13"
      }
    }
  ],
  "version" : 3
}
